# This file is automatically @generated by Cargo.
# It is not intended for manual editing.
version = 3

[[package]]
name = "cs2kz"
version = "0.0.0"

[[package]]
name = "cs2kz-api"
version = "0.0.0"

[[package]]
name = "cs2kz-api-cli"
version = "0.0.0"

[[package]]
name = "cs2kz-api-common"
version = "0.0.0"

[[package]]
name = "cs2kz-api-database"
version = "0.0.0"

[[package]]
name = "cs2kz-api-server"
version = "0.0.0"
